// !$*UTF8*$!
{
	archiveVersion = 1;
	classes = {
	};
	objectVersion = 46;
	objects = {

/* Begin PBXBuildFile section */
		07BC621F1C1EE28C00601B6E /* NewswireTableViewController.swift in Sources */ = {isa = PBXBuildFile; fileRef = 07BC621E1C1EE28C00601B6E /* NewswireTableViewController.swift */; };
		07BC62211C1EE2D400601B6E /* NewswireTableViewCell.swift in Sources */ = {isa = PBXBuildFile; fileRef = 07BC62201C1EE2D400601B6E /* NewswireTableViewCell.swift */; };
		07BC62231C1F700D00601B6E /* NewsWireInDetailViewController.swift in Sources */ = {isa = PBXBuildFile; fileRef = 07BC62221C1F700D00601B6E /* NewsWireInDetailViewController.swift */; };
		07BC62281C1FB45700601B6E /* TopStoriesTableViewCell.swift in Sources */ = {isa = PBXBuildFile; fileRef = 07BC62271C1FB45700601B6E /* TopStoriesTableViewCell.swift */; };
		07BC622A1C1FB4C600601B6E /* TopStoriesTableViewController.swift in Sources */ = {isa = PBXBuildFile; fileRef = 07BC62291C1FB4C600601B6E /* TopStoriesTableViewController.swift */; };
		07BC622C1C203A8100601B6E /* SavedArticlesTableViewCell.swift in Sources */ = {isa = PBXBuildFile; fileRef = 07BC622B1C203A8000601B6E /* SavedArticlesTableViewCell.swift */; };
		07BC622E1C203AC100601B6E /* SavedArticlesTableViewController.swift in Sources */ = {isa = PBXBuildFile; fileRef = 07BC622D1C203AC100601B6E /* SavedArticlesTableViewController.swift */; };
		07D390F51C1B3BF100EA50CB /* SearchedArticleInDetailsViewController.swift in Sources */ = {isa = PBXBuildFile; fileRef = 07D390F41C1B3BF000EA50CB /* SearchedArticleInDetailsViewController.swift */; };
		07D390F71C1B4E6800EA50CB /* WebViewViewController.swift in Sources */ = {isa = PBXBuildFile; fileRef = 07D390F61C1B4E6700EA50CB /* WebViewViewController.swift */; };
		07F95F131C197F2F00F8943A /* AppDelegate.swift in Sources */ = {isa = PBXBuildFile; fileRef = 07F95F121C197F2F00F8943A /* AppDelegate.swift */; };
		07F95F181C197F2F00F8943A /* Main.storyboard in Resources */ = {isa = PBXBuildFile; fileRef = 07F95F161C197F2F00F8943A /* Main.storyboard */; };
		07F95F1A1C197F2F00F8943A /* Assets.xcassets in Resources */ = {isa = PBXBuildFile; fileRef = 07F95F191C197F2F00F8943A /* Assets.xcassets */; };
		07F95F1D1C197F2F00F8943A /* LaunchScreen.storyboard in Resources */ = {isa = PBXBuildFile; fileRef = 07F95F1B1C197F2F00F8943A /* LaunchScreen.storyboard */; };
		07F95F271C1995F500F8943A /* ArticleTableViewController.swift in Sources */ = {isa = PBXBuildFile; fileRef = 07F95F261C1995F500F8943A /* ArticleTableViewController.swift */; };
		07F95F291C19B6E000F8943A /* ArticleTableViewCell.swift in Sources */ = {isa = PBXBuildFile; fileRef = 07F95F281C19B6E000F8943A /* ArticleTableViewCell.swift */; };
		07F95F2B1C19C21D00F8943A /* SwiftyJSON.swift in Sources */ = {isa = PBXBuildFile; fileRef = 07F95F2A1C19C21D00F8943A /* SwiftyJSON.swift */; };
		07F95F2D1C19C2A200F8943A /* Article.swift in Sources */ = {isa = PBXBuildFile; fileRef = 07F95F2C1C19C2A200F8943A /* Article.swift */; };
/* End PBXBuildFile section */

/* Begin PBXFileReference section */
		07BC621E1C1EE28C00601B6E /* NewswireTableViewController.swift */ = {isa = PBXFileReference; fileEncoding = 4; lastKnownFileType = sourcecode.swift; path = NewswireTableViewController.swift; sourceTree = "<group>"; };
		07BC62201C1EE2D400601B6E /* NewswireTableViewCell.swift */ = {isa = PBXFileReference; fileEncoding = 4; lastKnownFileType = sourcecode.swift; path = NewswireTableViewCell.swift; sourceTree = "<group>"; };
		07BC62221C1F700D00601B6E /* NewsWireInDetailViewController.swift */ = {isa = PBXFileReference; fileEncoding = 4; lastKnownFileType = sourcecode.swift; path = NewsWireInDetailViewController.swift; sourceTree = "<group>"; };
		07BC62271C1FB45700601B6E /* TopStoriesTableViewCell.swift */ = {isa = PBXFileReference; fileEncoding = 4; lastKnownFileType = sourcecode.swift; path = TopStoriesTableViewCell.swift; sourceTree = "<group>"; };
		07BC62291C1FB4C600601B6E /* TopStoriesTableViewController.swift */ = {isa = PBXFileReference; fileEncoding = 4; lastKnownFileType = sourcecode.swift; path = TopStoriesTableViewController.swift; sourceTree = "<group>"; };
		07BC622B1C203A8000601B6E /* SavedArticlesTableViewCell.swift */ = {isa = PBXFileReference; fileEncoding = 4; lastKnownFileType = sourcecode.swift; path = SavedArticlesTableViewCell.swift; sourceTree = "<group>"; };
		07BC622D1C203AC100601B6E /* SavedArticlesTableViewController.swift */ = {isa = PBXFileReference; fileEncoding = 4; lastKnownFileType = sourcecode.swift; path = SavedArticlesTableViewController.swift; sourceTree = "<group>"; };
		07D390F41C1B3BF000EA50CB /* SearchedArticleInDetailsViewController.swift */ = {isa = PBXFileReference; fileEncoding = 4; lastKnownFileType = sourcecode.swift; path = SearchedArticleInDetailsViewController.swift; sourceTree = "<group>"; };
		07D390F61C1B4E6700EA50CB /* WebViewViewController.swift */ = {isa = PBXFileReference; fileEncoding = 4; lastKnownFileType = sourcecode.swift; path = WebViewViewController.swift; sourceTree = "<group>"; };
		07F95F0F1C197F2F00F8943A /* newYorkTimes.app */ = {isa = PBXFileReference; explicitFileType = wrapper.application; includeInIndex = 0; path = newYorkTimes.app; sourceTree = BUILT_PRODUCTS_DIR; };
		07F95F121C197F2F00F8943A /* AppDelegate.swift */ = {isa = PBXFileReference; lastKnownFileType = sourcecode.swift; path = AppDelegate.swift; sourceTree = "<group>"; };
		07F95F171C197F2F00F8943A /* Base */ = {isa = PBXFileReference; lastKnownFileType = file.storyboard; name = Base; path = Base.lproj/Main.storyboard; sourceTree = "<group>"; };
		07F95F191C197F2F00F8943A /* Assets.xcassets */ = {isa = PBXFileReference; lastKnownFileType = folder.assetcatalog; path = Assets.xcassets; sourceTree = "<group>"; };
		07F95F1C1C197F2F00F8943A /* Base */ = {isa = PBXFileReference; lastKnownFileType = file.storyboard; name = Base; path = Base.lproj/LaunchScreen.storyboard; sourceTree = "<group>"; };
		07F95F1E1C197F2F00F8943A /* Info.plist */ = {isa = PBXFileReference; lastKnownFileType = text.plist.xml; path = Info.plist; sourceTree = "<group>"; };
		07F95F261C1995F500F8943A /* ArticleTableViewController.swift */ = {isa = PBXFileReference; fileEncoding = 4; lastKnownFileType = sourcecode.swift; path = ArticleTableViewController.swift; sourceTree = "<group>"; };
		07F95F281C19B6E000F8943A /* ArticleTableViewCell.swift */ = {isa = PBXFileReference; fileEncoding = 4; lastKnownFileType = sourcecode.swift; path = ArticleTableViewCell.swift; sourceTree = "<group>"; };
		07F95F2A1C19C21D00F8943A /* SwiftyJSON.swift */ = {isa = PBXFileReference; fileEncoding = 4; lastKnownFileType = sourcecode.swift; path = SwiftyJSON.swift; sourceTree = "<group>"; };
		07F95F2C1C19C2A200F8943A /* Article.swift */ = {isa = PBXFileReference; fileEncoding = 4; lastKnownFileType = sourcecode.swift; path = Article.swift; sourceTree = "<group>"; };
/* End PBXFileReference section */

/* Begin PBXFrameworksBuildPhase section */
		07F95F0C1C197F2F00F8943A /* Frameworks */ = {
			isa = PBXFrameworksBuildPhase;
			buildActionMask = 2147483647;
			files = (
			);
			runOnlyForDeploymentPostprocessing = 0;
		};
/* End PBXFrameworksBuildPhase section */

/* Begin PBXGroup section */
		07BC62241C1FB01700601B6E /* Newswire */ = {
			isa = PBXGroup;
			children = (
				07BC621E1C1EE28C00601B6E /* NewswireTableViewController.swift */,
				07BC62221C1F700D00601B6E /* NewsWireInDetailViewController.swift */,
				07BC62201C1EE2D400601B6E /* NewswireTableViewCell.swift */,
			);
			name = Newswire;
			sourceTree = "<group>";
		};
		07BC62251C1FB04300601B6E /* ArticleSearch */ = {
			isa = PBXGroup;
			children = (
				07F95F261C1995F500F8943A /* ArticleTableViewController.swift */,
				07F95F281C19B6E000F8943A /* ArticleTableViewCell.swift */,
				07D390F41C1B3BF000EA50CB /* SearchedArticleInDetailsViewController.swift */,
			);
			name = ArticleSearch;
			sourceTree = "<group>";
		};
		07BC62261C1FB0C400601B6E /* TopStories */ = {
			isa = PBXGroup;
			children = (
				07BC62271C1FB45700601B6E /* TopStoriesTableViewCell.swift */,
				07BC62291C1FB4C600601B6E /* TopStoriesTableViewController.swift */,
			);
			name = TopStories;
			sourceTree = "<group>";
		};
		07BC622F1C2043FB00601B6E /* SavedArticles */ = {
			isa = PBXGroup;
			children = (
				07BC622B1C203A8000601B6E /* SavedArticlesTableViewCell.swift */,
				07BC622D1C203AC100601B6E /* SavedArticlesTableViewController.swift */,
			);
			name = SavedArticles;
			sourceTree = "<group>";
		};
		07F95F061C197F2F00F8943A = {
			isa = PBXGroup;
			children = (
				07F95F111C197F2F00F8943A /* New York Times app */,
				07F95F101C197F2F00F8943A /* Products */,
			);
			sourceTree = "<group>";
		};
		07F95F101C197F2F00F8943A /* Products */ = {
			isa = PBXGroup;
			children = (
				07F95F0F1C197F2F00F8943A /* newYorkTimes.app */,
			);
			name = Products;
			sourceTree = "<group>";
		};
		07F95F111C197F2F00F8943A /* New York Times app */ = {
			isa = PBXGroup;
			children = (
				07BC622F1C2043FB00601B6E /* SavedArticles */,
				07BC62261C1FB0C400601B6E /* TopStories */,
				07BC62251C1FB04300601B6E /* ArticleSearch */,
				07BC62241C1FB01700601B6E /* Newswire */,
				07F95F121C197F2F00F8943A /* AppDelegate.swift */,
				07F95F2A1C19C21D00F8943A /* SwiftyJSON.swift */,
				07F95F161C197F2F00F8943A /* Main.storyboard */,
				07F95F191C197F2F00F8943A /* Assets.xcassets */,
				07F95F1B1C197F2F00F8943A /* LaunchScreen.storyboard */,
				07F95F1E1C197F2F00F8943A /* Info.plist */,
				07F95F2C1C19C2A200F8943A /* Article.swift */,
				07D390F61C1B4E6700EA50CB /* WebViewViewController.swift */,
			);
			name = "New York Times app";
			path = newYorkTimes;
			sourceTree = "<group>";
		};
/* End PBXGroup section */

/* Begin PBXNativeTarget section */
		07F95F0E1C197F2F00F8943A /* newYorkTimes */ = {
			isa = PBXNativeTarget;
			buildConfigurationList = 07F95F211C197F2F00F8943A /* Build configuration list for PBXNativeTarget "newYorkTimes" */;
			buildPhases = (
				07F95F0B1C197F2F00F8943A /* Sources */,
				07F95F0C1C197F2F00F8943A /* Frameworks */,
				07F95F0D1C197F2F00F8943A /* Resources */,
			);
			buildRules = (
			);
			dependencies = (
			);
			name = newYorkTimes;
			productName = newYorkTimes;
			productReference = 07F95F0F1C197F2F00F8943A /* newYorkTimes.app */;
			productType = "com.apple.product-type.application";
		};
/* End PBXNativeTarget section */

/* Begin PBXProject section */
		07F95F071C197F2F00F8943A /* Project object */ = {
			isa = PBXProject;
			attributes = {
				LastSwiftUpdateCheck = 0710;
				LastUpgradeCheck = 0710;
				ORGANIZATIONNAME = "DMU mac 20";
				TargetAttributes = {
					07F95F0E1C197F2F00F8943A = {
						CreatedOnToolsVersion = 7.1.1;
					};
				};
			};
			buildConfigurationList = 07F95F0A1C197F2F00F8943A /* Build configuration list for PBXProject "newYorkTimes" */;
			compatibilityVersion = "Xcode 3.2";
			developmentRegion = English;
			hasScannedForEncodings = 0;
			knownRegions = (
				en,
				Base,
			);
			mainGroup = 07F95F061C197F2F00F8943A;
			productRefGroup = 07F95F101C197F2F00F8943A /* Products */;
			projectDirPath = "";
			projectRoot = "";
			targets = (
				07F95F0E1C197F2F00F8943A /* newYorkTimes */,
			);
		};
/* End PBXProject section */

/* Begin PBXResourcesBuildPhase section */
		07F95F0D1C197F2F00F8943A /* Resources */ = {
			isa = PBXResourcesBuildPhase;
			buildActionMask = 2147483647;
			files = (
				07F95F1D1C197F2F00F8943A /* LaunchScreen.storyboard in Resources */,
				07F95F1A1C197F2F00F8943A /* Assets.xcassets in Resources */,
				07F95F181C197F2F00F8943A /* Main.storyboard in Resources */,
			);
			runOnlyForDeploymentPostprocessing = 0;
		};
/* End PBXResourcesBuildPhase section */

/* Begin PBXSourcesBuildPhase section */
		07F95F0B1C197F2F00F8943A /* Sources */ = {
			isa = PBXSourcesBuildPhase;
			buildActionMask = 2147483647;
			files = (
				07BC622E1C203AC100601B6E /* SavedArticlesTableViewController.swift in Sources */,
				07D390F71C1B4E6800EA50CB /* WebViewViewController.swift in Sources */,
				07BC622A1C1FB4C600601B6E /* TopStoriesTableViewController.swift in Sources */,
				07D390F51C1B3BF100EA50CB /* SearchedArticleInDetailsViewController.swift in Sources */,
				07F95F271C1995F500F8943A /* ArticleTableViewController.swift in Sources */,
				07F95F291C19B6E000F8943A /* ArticleTableViewCell.swift in Sources */,
				07F95F131C197F2F00F8943A /* AppDelegate.swift in Sources */,
				07BC62281C1FB45700601B6E /* TopStoriesTableViewCell.swift in Sources */,
				07BC62211C1EE2D400601B6E /* NewswireTableViewCell.swift in Sources */,
				07BC622C1C203A8100601B6E /* SavedArticlesTableViewCell.swift in Sources */,
				07BC62231C1F700D00601B6E /* NewsWireInDetailViewController.swift in Sources */,
				07BC621F1C1EE28C00601B6E /* NewswireTableViewController.swift in Sources */,
				07F95F2B1C19C21D00F8943A /* SwiftyJSON.swift in Sources */,
				07F95F2D1C19C2A200F8943A /* Article.swift in Sources */,
			);
			runOnlyForDeploymentPostprocessing = 0;
		};
/* End PBXSourcesBuildPhase section */

/* Begin PBXVariantGroup section */
		07F95F161C197F2F00F8943A /* Main.storyboard */ = {
			isa = PBXVariantGroup;
			children = (
				07F95F171C197F2F00F8943A /* Base */,
			);
			name = Main.storyboard;
			sourceTree = "<group>";
		};
		07F95F1B1C197F2F00F8943A /* LaunchScreen.storyboard */ = {
			isa = PBXVariantGroup;
			children = (
				07F95F1C1C197F2F00F8943A /* Base */,
			);
			name = LaunchScreen.storyboard;
			sourceTree = "<group>";
		};
/* End PBXVariantGroup section */

/* Begin XCBuildConfiguration section */
		07F95F1F1C197F2F00F8943A /* Debug */ = {
			isa = XCBuildConfiguration;
			buildSettings = {
				ALWAYS_SEARCH_USER_PATHS = NO;
				CLANG_CXX_LANGUAGE_STANDARD = "gnu++0x";
				CLANG_CXX_LIBRARY = "libc++";
				CLANG_ENABLE_MODULES = YES;
				CLANG_ENABLE_OBJC_ARC = YES;
				CLANG_WARN_BOOL_CONVERSION = YES;
				CLANG_WARN_CONSTANT_CONVERSION = YES;
				CLANG_WARN_DIRECT_OBJC_ISA_USAGE = YES_ERROR;
				CLANG_WARN_EMPTY_BODY = YES;
				CLANG_WARN_ENUM_CONVERSION = YES;
				CLANG_WARN_INT_CONVERSION = YES;
				CLANG_WARN_OBJC_ROOT_CLASS = YES_ERROR;
				CLANG_WARN_UNREACHABLE_CODE = YES;
				CLANG_WARN__DUPLICATE_METHOD_MATCH = YES;
				"CODE_SIGN_IDENTITY[sdk=iphoneos*]" = "iPhone Developer";
				COPY_PHASE_STRIP = NO;
				DEBUG_INFORMATION_FORMAT = dwarf;
				ENABLE_STRICT_OBJC_MSGSEND = YES;
				ENABLE_TESTABILITY = YES;
				GCC_C_LANGUAGE_STANDARD = gnu99;
				GCC_DYNAMIC_NO_PIC = NO;
				GCC_NO_COMMON_BLOCKS = YES;
				GCC_OPTIMIZATION_LEVEL = 0;
				GCC_PREPROCESSOR_DEFINITIONS = (
					"DEBUG=1",
					"$(inherited)",
				);
				GCC_WARN_64_TO_32_BIT_CONVERSION = YES;
				GCC_WARN_ABOUT_RETURN_TYPE = YES_ERROR;
				GCC_WARN_UNDECLARED_SELECTOR = YES;
				GCC_WARN_UNINITIALIZED_AUTOS = YES_AGGRESSIVE;
				GCC_WARN_UNUSED_FUNCTION = YES;
				GCC_WARN_UNUSED_VARIABLE = YES;
				IPHONEOS_DEPLOYMENT_TARGET = 9.1;
				MTL_ENABLE_DEBUG_INFO = YES;
				ONLY_ACTIVE_ARCH = YES;
				SDKROOT = iphoneos;
				SWIFT_OPTIMIZATION_LEVEL = "-Onone";
				TARGETED_DEVICE_FAMILY = "1,2";
			};
			name = Debug;
		};
		07F95F201C197F2F00F8943A /* Release */ = {
			isa = XCBuildConfiguration;
			buildSettings = {
				ALWAYS_SEARCH_USER_PATHS = NO;
				CLANG_CXX_LANGUAGE_STANDARD = "gnu++0x";
				CLANG_CXX_LIBRARY = "libc++";
				CLANG_ENABLE_MODULES = YES;
				CLANG_ENABLE_OBJC_ARC = YES;
				CLANG_WARN_BOOL_CONVERSION = YES;
				CLANG_WARN_CONSTANT_CONVERSION = YES;
				CLANG_WARN_DIRECT_OBJC_ISA_USAGE = YES_ERROR;
				CLANG_WARN_EMPTY_BODY = YES;
				CLANG_WARN_ENUM_CONVERSION = YES;
				CLANG_WARN_INT_CONVERSION = YES;
				CLANG_WARN_OBJC_ROOT_CLASS = YES_ERROR;
				CLANG_WARN_UNREACHABLE_CODE = YES;
				CLANG_WARN__DUPLICATE_METHOD_MATCH = YES;
				"CODE_SIGN_IDENTITY[sdk=iphoneos*]" = "iPhone Developer";
				COPY_PHASE_STRIP = NO;
				DEBUG_INFORMATION_FORMAT = "dwarf-with-dsym";
				ENABLE_NS_ASSERTIONS = NO;
				ENABLE_STRICT_OBJC_MSGSEND = YES;
				GCC_C_LANGUAGE_STANDARD = gnu99;
				GCC_NO_COMMON_BLOCKS = YES;
				GCC_WARN_64_TO_32_BIT_CONVERSION = YES;
				GCC_WARN_ABOUT_RETURN_TYPE = YES_ERROR;
				GCC_WARN_UNDECLARED_SELECTOR = YES;
				GCC_WARN_UNINITIALIZED_AUTOS = YES_AGGRESSIVE;
				GCC_WARN_UNUSED_FUNCTION = YES;
				GCC_WARN_UNUSED_VARIABLE = YES;
				IPHONEOS_DEPLOYMENT_TARGET = 9.1;
				MTL_ENABLE_DEBUG_INFO = NO;
				SDKROOT = iphoneos;
				TARGETED_DEVICE_FAMILY = "1,2";
				VALIDATE_PRODUCT = YES;
			};
			name = Release;
		};
		07F95F221C197F2F00F8943A /* Debug */ = {
			isa = XCBuildConfiguration;
			buildSettings = {
				ASSETCATALOG_COMPILER_APPICON_NAME = AppIcon;
				INFOPLIST_FILE = newYorkTimes/Info.plist;
				LD_RUNPATH_SEARCH_PATHS = "$(inherited) @executable_path/Frameworks";
				PRODUCT_BUNDLE_IDENTIFIER = com.dmu.newYorkTimes;
				PRODUCT_NAME = newYorkTimes;
			};
			name = Debug;
		};
		07F95F231C197F2F00F8943A /* Release */ = {
			isa = XCBuildConfiguration;
			buildSettings = {
				ASSETCATALOG_COMPILER_APPICON_NAME = AppIcon;
				INFOPLIST_FILE = newYorkTimes/Info.plist;
				LD_RUNPATH_SEARCH_PATHS = "$(inherited) @executable_path/Frameworks";
				PRODUCT_BUNDLE_IDENTIFIER = com.dmu.newYorkTimes;
				PRODUCT_NAME = newYorkTimes;
			};
			name = Release;
		};
/* End XCBuildConfiguration section */

/* Begin XCConfigurationList section */
		07F95F0A1C197F2F00F8943A /* Build configuration list for PBXProject "newYorkTimes" */ = {
			isa = XCConfigurationList;
			buildConfigurations = (
				07F95F1F1C197F2F00F8943A /* Debug */,
				07F95F201C197F2F00F8943A /* Release */,
			);
			defaultConfigurationIsVisible = 0;
			defaultConfigurationName = Release;
		};
		07F95F211C197F2F00F8943A /* Build configuration list for PBXNativeTarget "newYorkTimes" */ = {
			isa = XCConfigurationList;
			buildConfigurations = (
				07F95F221C197F2F00F8943A /* Debug */,
				07F95F231C197F2F00F8943A /* Release */,
			);
			defaultConfigurationIsVisible = 0;
			defaultConfigurationName = Release;
		};
/* End XCConfigurationList section */
	};
	rootObject = 07F95F071C197F2F00F8943A /* Project object */;
}
